// !$*UTF8*$!
{
	archiveVersion = 1;
	classes = {
	};
	objectVersion = 46;
	objects = {

/* Begin PBXBuildFile section */
		DD8F5F061C388F6D002103C0 /* main.m in Sources */ = {isa = PBXBuildFile; fileRef = DD8F5F051C388F6D002103C0 /* main.m */; };
		DD8F5F091C388F6D002103C0 /* AppDelegate.m in Sources */ = {isa = PBXBuildFile; fileRef = DD8F5F081C388F6D002103C0 /* AppDelegate.m */; };
		DD8F5F111C388F6D002103C0 /* Assets.xcassets in Resources */ = {isa = PBXBuildFile; fileRef = DD8F5F101C388F6D002103C0 /* Assets.xcassets */; };
		DD8F5F1F1C388F6D002103C0 /* ShutterbugTests.m in Sources */ = {isa = PBXBuildFile; fileRef = DD8F5F1E1C388F6D002103C0 /* ShutterbugTests.m */; };
		DD8F5F2A1C388F6D002103C0 /* ShutterbugUITests.m in Sources */ = {isa = PBXBuildFile; fileRef = DD8F5F291C388F6D002103C0 /* ShutterbugUITests.m */; };
		DD8F5F391C38904E002103C0 /* FlickrPhotosTableViewController.m in Sources */ = {isa = PBXBuildFile; fileRef = DD8F5F381C38904E002103C0 /* FlickrPhotosTableViewController.m */; };
		DD8F5F3C1C3892D2002103C0 /* JustPostedFlickrPhotosTableViewController.m in Sources */ = {isa = PBXBuildFile; fileRef = DD8F5F3B1C3892D2002103C0 /* JustPostedFlickrPhotosTableViewController.m */; };
		DD8F5F421C389467002103C0 /* FlickrFetcher.m in Sources */ = {isa = PBXBuildFile; fileRef = DD8F5F411C389467002103C0 /* FlickrFetcher.m */; };
/* End PBXBuildFile section */

/* Begin PBXContainerItemProxy section */
		DD8F5F1B1C388F6D002103C0 /* PBXContainerItemProxy */ = {
			isa = PBXContainerItemProxy;
			containerPortal = DD8F5EF91C388F6D002103C0 /* Project object */;
			proxyType = 1;
			remoteGlobalIDString = DD8F5F001C388F6D002103C0;
			remoteInfo = Shutterbug;
		};
		DD8F5F261C388F6D002103C0 /* PBXContainerItemProxy */ = {
			isa = PBXContainerItemProxy;
			containerPortal = DD8F5EF91C388F6D002103C0 /* Project object */;
			proxyType = 1;
			remoteGlobalIDString = DD8F5F001C388F6D002103C0;
			remoteInfo = Shutterbug;
		};
/* End PBXContainerItemProxy section */

/* Begin PBXFileReference section */
		DD8F5F011C388F6D002103C0 /* Shutterbug.app */ = {isa = PBXFileReference; explicitFileType = wrapper.application; includeInIndex = 0; path = Shutterbug.app; sourceTree = BUILT_PRODUCTS_DIR; };
		DD8F5F051C388F6D002103C0 /* main.m */ = {isa = PBXFileReference; lastKnownFileType = sourcecode.c.objc; path = main.m; sourceTree = "<group>"; };
		DD8F5F071C388F6D002103C0 /* AppDelegate.h */ = {isa = PBXFileReference; lastKnownFileType = sourcecode.c.h; path = AppDelegate.h; sourceTree = "<group>"; };
		DD8F5F081C388F6D002103C0 /* AppDelegate.m */ = {isa = PBXFileReference; lastKnownFileType = sourcecode.c.objc; path = AppDelegate.m; sourceTree = "<group>"; };
		DD8F5F101C388F6D002103C0 /* Assets.xcassets */ = {isa = PBXFileReference; lastKnownFileType = folder.assetcatalog; path = Assets.xcassets; sourceTree = "<group>"; };
		DD8F5F151C388F6D002103C0 /* Info.plist */ = {isa = PBXFileReference; lastKnownFileType = text.plist.xml; path = Info.plist; sourceTree = "<group>"; };
		DD8F5F1A1C388F6D002103C0 /* ShutterbugTests.xctest */ = {isa = PBXFileReference; explicitFileType = wrapper.cfbundle; includeInIndex = 0; path = ShutterbugTests.xctest; sourceTree = BUILT_PRODUCTS_DIR; };
		DD8F5F1E1C388F6D002103C0 /* ShutterbugTests.m */ = {isa = PBXFileReference; lastKnownFileType = sourcecode.c.objc; path = ShutterbugTests.m; sourceTree = "<group>"; };
		DD8F5F201C388F6D002103C0 /* Info.plist */ = {isa = PBXFileReference; lastKnownFileType = text.plist.xml; path = Info.plist; sourceTree = "<group>"; };
		DD8F5F251C388F6D002103C0 /* ShutterbugUITests.xctest */ = {isa = PBXFileReference; explicitFileType = wrapper.cfbundle; includeInIndex = 0; path = ShutterbugUITests.xctest; sourceTree = BUILT_PRODUCTS_DIR; };
		DD8F5F291C388F6D002103C0 /* ShutterbugUITests.m */ = {isa = PBXFileReference; lastKnownFileType = sourcecode.c.objc; path = ShutterbugUITests.m; sourceTree = "<group>"; };
		DD8F5F2B1C388F6D002103C0 /* Info.plist */ = {isa = PBXFileReference; lastKnownFileType = text.plist.xml; path = Info.plist; sourceTree = "<group>"; };
		DD8F5F371C38904E002103C0 /* FlickrPhotosTableViewController.h */ = {isa = PBXFileReference; fileEncoding = 4; lastKnownFileType = sourcecode.c.h; path = FlickrPhotosTableViewController.h; sourceTree = "<group>"; };
		DD8F5F381C38904E002103C0 /* FlickrPhotosTableViewController.m */ = {isa = PBXFileReference; fileEncoding = 4; lastKnownFileType = sourcecode.c.objc; path = FlickrPhotosTableViewController.m; sourceTree = "<group>"; };
		DD8F5F3A1C3892D2002103C0 /* JustPostedFlickrPhotosTableViewController.h */ = {isa = PBXFileReference; fileEncoding = 4; lastKnownFileType = sourcecode.c.h; path = JustPostedFlickrPhotosTableViewController.h; sourceTree = "<group>"; };
		DD8F5F3B1C3892D2002103C0 /* JustPostedFlickrPhotosTableViewController.m */ = {isa = PBXFileReference; fileEncoding = 4; lastKnownFileType = sourcecode.c.objc; path = JustPostedFlickrPhotosTableViewController.m; sourceTree = "<group>"; };
		DD8F5F3F1C389467002103C0 /* FlickrAPIKey.h */ = {isa = PBXFileReference; fileEncoding = 4; lastKnownFileType = sourcecode.c.h; name = FlickrAPIKey.h; path = "../../../../../../Desktop/Flickr Fetcher/FlickrAPIKey.h"; sourceTree = "<group>"; };
		DD8F5F401C389467002103C0 /* FlickrFetcher.h */ = {isa = PBXFileReference; fileEncoding = 4; lastKnownFileType = sourcecode.c.h; name = FlickrFetcher.h; path = "../../../../../../Desktop/Flickr Fetcher/FlickrFetcher.h"; sourceTree = "<group>"; };
		DD8F5F411C389467002103C0 /* FlickrFetcher.m */ = {isa = PBXFileReference; fileEncoding = 4; lastKnownFileType = sourcecode.c.objc; name = FlickrFetcher.m; path = "../../../../../../Desktop/Flickr Fetcher/FlickrFetcher.m"; sourceTree = "<group>"; };
/* End PBXFileReference section */

/* Begin PBXFrameworksBuildPhase section */
		DD8F5EFE1C388F6D002103C0 /* Frameworks */ = {
			isa = PBXFrameworksBuildPhase;
			buildActionMask = 2147483647;
			files = (
			);
			runOnlyForDeploymentPostprocessing = 0;
		};
		DD8F5F171C388F6D002103C0 /* Frameworks */ = {
			isa = PBXFrameworksBuildPhase;
			buildActionMask = 2147483647;
			files = (
			);
			runOnlyForDeploymentPostprocessing = 0;
		};
		DD8F5F221C388F6D002103C0 /* Frameworks */ = {
			isa = PBXFrameworksBuildPhase;
			buildActionMask = 2147483647;
			files = (
			);
			runOnlyForDeploymentPostprocessing = 0;
		};
/* End PBXFrameworksBuildPhase section */

/* Begin PBXGroup section */
		DD8F5EF81C388F6D002103C0 = {
			isa = PBXGroup;
			children = (
				DD8F5F031C388F6D002103C0 /* Shutterbug */,
				DD8F5F1D1C388F6D002103C0 /* ShutterbugTests */,
				DD8F5F281C388F6D002103C0 /* ShutterbugUITests */,
				DD8F5F021C388F6D002103C0 /* Products */,
			);
			sourceTree = "<group>";
		};
		DD8F5F021C388F6D002103C0 /* Products */ = {
			isa = PBXGroup;
			children = (
				DD8F5F011C388F6D002103C0 /* Shutterbug.app */,
				DD8F5F1A1C388F6D002103C0 /* ShutterbugTests.xctest */,
				DD8F5F251C388F6D002103C0 /* ShutterbugUITests.xctest */,
			);
			name = Products;
			sourceTree = "<group>";
		};
		DD8F5F031C388F6D002103C0 /* Shutterbug */ = {
			isa = PBXGroup;
			children = (
				DD8F5F071C388F6D002103C0 /* AppDelegate.h */,
				DD8F5F081C388F6D002103C0 /* AppDelegate.m */,
				DD8F5F371C38904E002103C0 /* FlickrPhotosTableViewController.h */,
				DD8F5F381C38904E002103C0 /* FlickrPhotosTableViewController.m */,
				DD8F5F3A1C3892D2002103C0 /* JustPostedFlickrPhotosTableViewController.h */,
				DD8F5F3B1C3892D2002103C0 /* JustPostedFlickrPhotosTableViewController.m */,
				DD8F5F3F1C389467002103C0 /* FlickrAPIKey.h */,
				DD8F5F401C389467002103C0 /* FlickrFetcher.h */,
				DD8F5F411C389467002103C0 /* FlickrFetcher.m */,
				DD8F5F101C388F6D002103C0 /* Assets.xcassets */,
				DD8F5F151C388F6D002103C0 /* Info.plist */,
				DD8F5F041C388F6D002103C0 /* Supporting Files */,
			);
			path = Shutterbug;
			sourceTree = "<group>";
		};
		DD8F5F041C388F6D002103C0 /* Supporting Files */ = {
			isa = PBXGroup;
			children = (
				DD8F5F051C388F6D002103C0 /* main.m */,
			);
			name = "Supporting Files";
			sourceTree = "<group>";
		};
		DD8F5F1D1C388F6D002103C0 /* ShutterbugTests */ = {
			isa = PBXGroup;
			children = (
				DD8F5F1E1C388F6D002103C0 /* ShutterbugTests.m */,
				DD8F5F201C388F6D002103C0 /* Info.plist */,
			);
			path = ShutterbugTests;
			sourceTree = "<group>";
		};
		DD8F5F281C388F6D002103C0 /* ShutterbugUITests */ = {
			isa = PBXGroup;
			children = (
				DD8F5F291C388F6D002103C0 /* ShutterbugUITests.m */,
				DD8F5F2B1C388F6D002103C0 /* Info.plist */,
			);
			path = ShutterbugUITests;
			sourceTree = "<group>";
		};
/* End PBXGroup section */

/* Begin PBXNativeTarget section */
		DD8F5F001C388F6D002103C0 /* Shutterbug */ = {
			isa = PBXNativeTarget;
			buildConfigurationList = DD8F5F2E1C388F6D002103C0 /* Build configuration list for PBXNativeTarget "Shutterbug" */;
			buildPhases = (
				DD8F5EFD1C388F6D002103C0 /* Sources */,
				DD8F5EFE1C388F6D002103C0 /* Frameworks */,
				DD8F5EFF1C388F6D002103C0 /* Resources */,
			);
			buildRules = (
			);
			dependencies = (
			);
			name = Shutterbug;
			productName = Shutterbug;
			productReference = DD8F5F011C388F6D002103C0 /* Shutterbug.app */;
			productType = "com.apple.product-type.application";
		};
		DD8F5F191C388F6D002103C0 /* ShutterbugTests */ = {
			isa = PBXNativeTarget;
			buildConfigurationList = DD8F5F311C388F6D002103C0 /* Build configuration list for PBXNativeTarget "ShutterbugTests" */;
			buildPhases = (
				DD8F5F161C388F6D002103C0 /* Sources */,
				DD8F5F171C388F6D002103C0 /* Frameworks */,
				DD8F5F181C388F6D002103C0 /* Resources */,
			);
			buildRules = (
			);
			dependencies = (
				DD8F5F1C1C388F6D002103C0 /* PBXTargetDependency */,
			);
			name = ShutterbugTests;
			productName = ShutterbugTests;
			productReference = DD8F5F1A1C388F6D002103C0 /* ShutterbugTests.xctest */;
			productType = "com.apple.product-type.bundle.unit-test";
		};
		DD8F5F241C388F6D002103C0 /* ShutterbugUITests */ = {
			isa = PBXNativeTarget;
			buildConfigurationList = DD8F5F341C388F6D002103C0 /* Build configuration list for PBXNativeTarget "ShutterbugUITests" */;
			buildPhases = (
				DD8F5F211C388F6D002103C0 /* Sources */,
				DD8F5F221C388F6D002103C0 /* Frameworks */,
				DD8F5F231C388F6D002103C0 /* Resources */,
			);
			buildRules = (
			);
			dependencies = (
				DD8F5F271C388F6D002103C0 /* PBXTargetDependency */,
			);
			name = ShutterbugUITests;
			productName = ShutterbugUITests;
			productReference = DD8F5F251C388F6D002103C0 /* ShutterbugUITests.xctest */;
			productType = "com.apple.product-type.bundle.ui-testing";
		};
/* End PBXNativeTarget section */

/* Begin PBXProject section */
		DD8F5EF91C388F6D002103C0 /* Project object */ = {
			isa = PBXProject;
			attributes = {
				LastUpgradeCheck = 0720;
				ORGANIZATIONNAME = com.DavisKoh;
				TargetAttributes = {
					DD8F5F001C388F6D002103C0 = {
						CreatedOnToolsVersion = 7.2;
					};
					DD8F5F191C388F6D002103C0 = {
						CreatedOnToolsVersion = 7.2;
						TestTargetID = DD8F5F001C388F6D002103C0;
					};
					DD8F5F241C388F6D002103C0 = {
						CreatedOnToolsVersion = 7.2;
						TestTargetID = DD8F5F001C388F6D002103C0;
					};
				};
			};
			buildConfigurationList = DD8F5EFC1C388F6D002103C0 /* Build configuration list for PBXProject "Shutterbug" */;
			compatibilityVersion = "Xcode 3.2";
			developmentRegion = English;
			hasScannedForEncodings = 0;
			knownRegions = (
				en,
				Base,
			);
			mainGroup = DD8F5EF81C388F6D002103C0;
			productRefGroup = DD8F5F021C388F6D002103C0 /* Products */;
			projectDirPath = "";
			projectRoot = "";
			targets = (
				DD8F5F001C388F6D002103C0 /* Shutterbug */,
				DD8F5F191C388F6D002103C0 /* ShutterbugTests */,
				DD8F5F241C388F6D002103C0 /* ShutterbugUITests */,
			);
		};
/* End PBXProject section */

/* Begin PBXResourcesBuildPhase section */
		DD8F5EFF1C388F6D002103C0 /* Resources */ = {
			isa = PBXResourcesBuildPhase;
			buildActionMask = 2147483647;
			files = (
				DD8F5F111C388F6D002103C0 /* Assets.xcassets in Resources */,
			);
			runOnlyForDeploymentPostprocessing = 0;
		};
		DD8F5F181C388F6D002103C0 /* Resources */ = {
			isa = PBXResourcesBuildPhase;
			buildActionMask = 2147483647;
			files = (
			);
			runOnlyForDeploymentPostprocessing = 0;
		};
		DD8F5F231C388F6D002103C0 /* Resources */ = {
			isa = PBXResourcesBuildPhase;
			buildActionMask = 2147483647;
			files = (
			);
			runOnlyForDeploymentPostprocessing = 0;
		};
/* End PBXResourcesBuildPhase section */

/* Begin PBXSourcesBuildPhase section */
		DD8F5EFD1C388F6D002103C0 /* Sources */ = {
			isa = PBXSourcesBuildPhase;
			buildActionMask = 2147483647;
			files = (
				DD8F5F091C388F6D002103C0 /* AppDelegate.m in Sources */,
				DD8F5F391C38904E002103C0 /* FlickrPhotosTableViewController.m in Sources */,
				DD8F5F3C1C3892D2002103C0 /* JustPostedFlickrPhotosTableViewController.m in Sources */,
				DD8F5F421C389467002103C0 /* FlickrFetcher.m in Sources */,
				DD8F5F061C388F6D002103C0 /* main.m in Sources */,
			);
			runOnlyForDeploymentPostprocessing = 0;
		};
		DD8F5F161C388F6D002103C0 /* Sources */ = {
			isa = PBXSourcesBuildPhase;
			buildActionMask = 2147483647;
			files = (
				DD8F5F1F1C388F6D002103C0 /* ShutterbugTests.m in Sources */,
			);
			runOnlyForDeploymentPostprocessing = 0;
		};
		DD8F5F211C388F6D002103C0 /* Sources */ = {
			isa = PBXSourcesBuildPhase;
			buildActionMask = 2147483647;
			files = (
				DD8F5F2A1C388F6D002103C0 /* ShutterbugUITests.m in Sources */,
			);
			runOnlyForDeploymentPostprocessing = 0;
		};
/* End PBXSourcesBuildPhase section */

/* Begin PBXTargetDependency section */
		DD8F5F1C1C388F6D002103C0 /* PBXTargetDependency */ = {
			isa = PBXTargetDependency;
			target = DD8F5F001C388F6D002103C0 /* Shutterbug */;
			targetProxy = DD8F5F1B1C388F6D002103C0 /* PBXContainerItemProxy */;
		};
		DD8F5F271C388F6D002103C0 /* PBXTargetDependency */ = {
			isa = PBXTargetDependency;
			target = DD8F5F001C388F6D002103C0 /* Shutterbug */;
			targetProxy = DD8F5F261C388F6D002103C0 /* PBXContainerItemProxy */;
		};
/* End PBXTargetDependency section */

/* Begin XCBuildConfiguration section */
		DD8F5F2C1C388F6D002103C0 /* Debug */ = {
			isa = XCBuildConfiguration;
			buildSettings = {
				ALWAYS_SEARCH_USER_PATHS = NO;
				CLANG_CXX_LANGUAGE_STANDARD = "gnu++0x";
				CLANG_CXX_LIBRARY = "libc++";
				CLANG_ENABLE_MODULES = YES;
				CLANG_ENABLE_OBJC_ARC = YES;
				CLANG_WARN_BOOL_CONVERSION = YES;
				CLANG_WARN_CONSTANT_CONVERSION = YES;
				CLANG_WARN_DIRECT_OBJC_ISA_USAGE = YES_ERROR;
				CLANG_WARN_EMPTY_BODY = YES;
				CLANG_WARN_ENUM_CONVERSION = YES;
				CLANG_WARN_INT_CONVERSION = YES;
				CLANG_WARN_OBJC_ROOT_CLASS = YES_ERROR;
				CLANG_WARN_UNREACHABLE_CODE = YES;
				CLANG_WARN__DUPLICATE_METHOD_MATCH = YES;
				"CODE_SIGN_IDENTITY[sdk=iphoneos*]" = "iPhone Developer";
				COPY_PHASE_STRIP = NO;
				DEBUG_INFORMATION_FORMAT = dwarf;
				ENABLE_STRICT_OBJC_MSGSEND = YES;
				ENABLE_TESTABILITY = YES;
				GCC_C_LANGUAGE_STANDARD = gnu99;
				GCC_DYNAMIC_NO_PIC = NO;
				GCC_NO_COMMON_BLOCKS = YES;
				GCC_OPTIMIZATION_LEVEL = 0;
				GCC_PREPROCESSOR_DEFINITIONS = (
					"DEBUG=1",
					"$(inherited)",
				);
				GCC_WARN_64_TO_32_BIT_CONVERSION = YES;
				GCC_WARN_ABOUT_RETURN_TYPE = YES_ERROR;
				GCC_WARN_UNDECLARED_SELECTOR = YES;
				GCC_WARN_UNINITIALIZED_AUTOS = YES_AGGRESSIVE;
				GCC_WARN_UNUSED_FUNCTION = YES;
				GCC_WARN_UNUSED_VARIABLE = YES;
				IPHONEOS_DEPLOYMENT_TARGET = 9.2;
				MTL_ENABLE_DEBUG_INFO = YES;
				ONLY_ACTIVE_ARCH = YES;
				SDKROOT = iphoneos;
				TARGETED_DEVICE_FAMILY = "1,2";
			};
			name = Debug;
		};
		DD8F5F2D1C388F6D002103C0 /* Release */ = {
			isa = XCBuildConfiguration;
			buildSettings = {
				ALWAYS_SEARCH_USER_PATHS = NO;
				CLANG_CXX_LANGUAGE_STANDARD = "gnu++0x";
				CLANG_CXX_LIBRARY = "libc++";
				CLANG_ENABLE_MODULES = YES;
				CLANG_ENABLE_OBJC_ARC = YES;
				CLANG_WARN_BOOL_CONVERSION = YES;
				CLANG_WARN_CONSTANT_CONVERSION = YES;
				CLANG_WARN_DIRECT_OBJC_ISA_USAGE = YES_ERROR;
				CLANG_WARN_EMPTY_BODY = YES;
				CLANG_WARN_ENUM_CONVERSION = YES;
				CLANG_WARN_INT_CONVERSION = YES;
				CLANG_WARN_OBJC_ROOT_CLASS = YES_ERROR;
				CLANG_WARN_UNREACHABLE_CODE = YES;
				CLANG_WARN__DUPLICATE_METHOD_MATCH = YES;
				"CODE_SIGN_IDENTITY[sdk=iphoneos*]" = "iPhone Developer";
				COPY_PHASE_STRIP = NO;
				DEBUG_INFORMATION_FORMAT = "dwarf-with-dsym";
				ENABLE_NS_ASSERTIONS = NO;
				ENABLE_STRICT_OBJC_MSGSEND = YES;
				GCC_C_LANGUAGE_STANDARD = gnu99;
				GCC_NO_COMMON_BLOCKS = YES;
				GCC_WARN_64_TO_32_BIT_CONVERSION = YES;
				GCC_WARN_ABOUT_RETURN_TYPE = YES_ERROR;
				GCC_WARN_UNDECLARED_SELECTOR = YES;
				GCC_WARN_UNINITIALIZED_AUTOS = YES_AGGRESSIVE;
				GCC_WARN_UNUSED_FUNCTION = YES;
				GCC_WARN_UNUSED_VARIABLE = YES;
				IPHONEOS_DEPLOYMENT_TARGET = 9.2;
				MTL_ENABLE_DEBUG_INFO = NO;
				SDKROOT = iphoneos;
				TARGETED_DEVICE_FAMILY = "1,2";
				VALIDATE_PRODUCT = YES;
			};
			name = Release;
		};
		DD8F5F2F1C388F6D002103C0 /* Debug */ = {
			isa = XCBuildConfiguration;
			buildSettings = {
				ASSETCATALOG_COMPILER_APPICON_NAME = AppIcon;
				INFOPLIST_FILE = Shutterbug/Info.plist;
				LD_RUNPATH_SEARCH_PATHS = "$(inherited) @executable_path/Frameworks";
				PRODUCT_BUNDLE_IDENTIFIER = com.Daviskoh.Shutterbug;
				PRODUCT_NAME = "$(TARGET_NAME)";
			};
			name = Debug;
		};
		DD8F5F301C388F6D002103C0 /* Release */ = {
			isa = XCBuildConfiguration;
			buildSettings = {
				ASSETCATALOG_COMPILER_APPICON_NAME = AppIcon;
				INFOPLIST_FILE = Shutterbug/Info.plist;
				LD_RUNPATH_SEARCH_PATHS = "$(inherited) @executable_path/Frameworks";
				PRODUCT_BUNDLE_IDENTIFIER = com.Daviskoh.Shutterbug;
				PRODUCT_NAME = "$(TARGET_NAME)";
			};
			name = Release;
		};
		DD8F5F321C388F6D002103C0 /* Debug */ = {
			isa = XCBuildConfiguration;
			buildSettings = {
				BUNDLE_LOADER = "$(TEST_HOST)";
				INFOPLIST_FILE = ShutterbugTests/Info.plist;
				LD_RUNPATH_SEARCH_PATHS = "$(inherited) @executable_path/Frameworks @loader_path/Frameworks";
				PRODUCT_BUNDLE_IDENTIFIER = com.Daviskoh.ShutterbugTests;
				PRODUCT_NAME = "$(TARGET_NAME)";
				TEST_HOST = "$(BUILT_PRODUCTS_DIR)/Shutterbug.app/Shutterbug";
			};
			name = Debug;
		};
		DD8F5F331C388F6D002103C0 /* Release */ = {
			isa = XCBuildConfiguration;
			buildSettings = {
				BUNDLE_LOADER = "$(TEST_HOST)";
				INFOPLIST_FILE = ShutterbugTests/Info.plist;
				LD_RUNPATH_SEARCH_PATHS = "$(inherited) @executable_path/Frameworks @loader_path/Frameworks";
				PRODUCT_BUNDLE_IDENTIFIER = com.Daviskoh.ShutterbugTests;
				PRODUCT_NAME = "$(TARGET_NAME)";
				TEST_HOST = "$(BUILT_PRODUCTS_DIR)/Shutterbug.app/Shutterbug";
			};
			name = Release;
		};
		DD8F5F351C388F6D002103C0 /* Debug */ = {
			isa = XCBuildConfiguration;
			buildSettings = {
				INFOPLIST_FILE = ShutterbugUITests/Info.plist;
				LD_RUNPATH_SEARCH_PATHS = "$(inherited) @executable_path/Frameworks @loader_path/Frameworks";
				PRODUCT_BUNDLE_IDENTIFIER = com.Daviskoh.ShutterbugUITests;
				PRODUCT_NAME = "$(TARGET_NAME)";
				TEST_TARGET_NAME = Shutterbug;
				USES_XCTRUNNER = YES;
			};
			name = Debug;
		};
		DD8F5F361C388F6D002103C0 /* Release */ = {
			isa = XCBuildConfiguration;
			buildSettings = {
				INFOPLIST_FILE = ShutterbugUITests/Info.plist;
				LD_RUNPATH_SEARCH_PATHS = "$(inherited) @executable_path/Frameworks @loader_path/Frameworks";
				PRODUCT_BUNDLE_IDENTIFIER = com.Daviskoh.ShutterbugUITests;
				PRODUCT_NAME = "$(TARGET_NAME)";
				TEST_TARGET_NAME = Shutterbug;
				USES_XCTRUNNER = YES;
			};
			name = Release;
		};
/* End XCBuildConfiguration section */

/* Begin XCConfigurationList section */
		DD8F5EFC1C388F6D002103C0 /* Build configuration list for PBXProject "Shutterbug" */ = {
			isa = XCConfigurationList;
			buildConfigurations = (
				DD8F5F2C1C388F6D002103C0 /* Debug */,
				DD8F5F2D1C388F6D002103C0 /* Release */,
			);
			defaultConfigurationIsVisible = 0;
			defaultConfigurationName = Release;
		};
		DD8F5F2E1C388F6D002103C0 /* Build configuration list for PBXNativeTarget "Shutterbug" */ = {
			isa = XCConfigurationList;
			buildConfigurations = (
				DD8F5F2F1C388F6D002103C0 /* Debug */,
				DD8F5F301C388F6D002103C0 /* Release */,
			);
			defaultConfigurationIsVisible = 0;
		};
		DD8F5F311C388F6D002103C0 /* Build configuration list for PBXNativeTarget "ShutterbugTests" */ = {
			isa = XCConfigurationList;
			buildConfigurations = (
				DD8F5F321C388F6D002103C0 /* Debug */,
				DD8F5F331C388F6D002103C0 /* Release */,
			);
			defaultConfigurationIsVisible = 0;
		};
		DD8F5F341C388F6D002103C0 /* Build configuration list for PBXNativeTarget "ShutterbugUITests" */ = {
			isa = XCConfigurationList;
			buildConfigurations = (
				DD8F5F351C388F6D002103C0 /* Debug */,
				DD8F5F361C388F6D002103C0 /* Release */,
			);
			defaultConfigurationIsVisible = 0;
		};
/* End XCConfigurationList section */
	};
	rootObject = DD8F5EF91C388F6D002103C0 /* Project object */;
}
